// !$*UTF8*$!
{
	archiveVersion = 1;
	classes = {
	};
	objectVersion = 56;
	objects = {

/* Begin PBXBuildFile section */
		08CB3C5D2C3A1093004D0DD6 /* Pantry_CheckApp.swift in Sources */ = {isa = PBXBuildFile; fileRef = 08CB3C5C2C3A1093004D0DD6 /* Pantry_CheckApp.swift */; };
		08CB3C5F2C3A1093004D0DD6 /* ContentView.swift in Sources */ = {isa = PBXBuildFile; fileRef = 08CB3C5E2C3A1093004D0DD6 /* ContentView.swift */; };
		08CB3C612C3A1095004D0DD6 /* Assets.xcassets in Resources */ = {isa = PBXBuildFile; fileRef = 08CB3C602C3A1095004D0DD6 /* Assets.xcassets */; };
		08CB3C642C3A1095004D0DD6 /* Preview Assets.xcassets in Resources */ = {isa = PBXBuildFile; fileRef = 08CB3C632C3A1095004D0DD6 /* Preview Assets.xcassets */; };
		08CB3C6B2C3A10BB004D0DD6 /* Home.swift in Sources */ = {isa = PBXBuildFile; fileRef = 08CB3C6A2C3A10BB004D0DD6 /* Home.swift */; };
		08CB3C6D2C3A1424004D0DD6 /* Models.swift in Sources */ = {isa = PBXBuildFile; fileRef = 08CB3C6C2C3A1424004D0DD6 /* Models.swift */; };
		08CB3C6F2C3AF44F004D0DD6 /* URLImage.swift in Sources */ = {isa = PBXBuildFile; fileRef = 08CB3C6E2C3AF44F004D0DD6 /* URLImage.swift */; };
		08CB3C722C3AF485004D0DD6 /* CachedAsyncImage in Frameworks */ = {isa = PBXBuildFile; productRef = 08CB3C712C3AF485004D0DD6 /* CachedAsyncImage */; };
		08CB3C752C3B0882004D0DD6 /* CodeScanner in Frameworks */ = {isa = PBXBuildFile; productRef = 08CB3C742C3B0882004D0DD6 /* CodeScanner */; };
		08CB3C772C3B43CE004D0DD6 /* Scanner.swift in Sources */ = {isa = PBXBuildFile; fileRef = 08CB3C762C3B43CE004D0DD6 /* Scanner.swift */; };
		08CB3C792C3B505E004D0DD6 /* DataScanner.swift in Sources */ = {isa = PBXBuildFile; fileRef = 08CB3C782C3B505E004D0DD6 /* DataScanner.swift */; };
		08CB3C7C2C3B5428004D0DD6 /* AlertToast in Frameworks */ = {isa = PBXBuildFile; productRef = 08CB3C7B2C3B5428004D0DD6 /* AlertToast */; };
		08CB3C7E2C3C5359004D0DD6 /* EditRooms.swift in Sources */ = {isa = PBXBuildFile; fileRef = 08CB3C7D2C3C5359004D0DD6 /* EditRooms.swift */; };
		08CB3C812C3C7054004D0DD6 /* FoodDetails.swift in Sources */ = {isa = PBXBuildFile; fileRef = 08CB3C802C3C7054004D0DD6 /* FoodDetails.swift */; };
		08CB3C832C3C7D45004D0DD6 /* ImagePicker.swift in Sources */ = {isa = PBXBuildFile; fileRef = 08CB3C822C3C7D45004D0DD6 /* ImagePicker.swift */; };
/* End PBXBuildFile section */

/* Begin PBXFileReference section */
		08CB3C592C3A1093004D0DD6 /* Pantry Check.app */ = {isa = PBXFileReference; explicitFileType = wrapper.application; includeInIndex = 0; path = "Pantry Check.app"; sourceTree = BUILT_PRODUCTS_DIR; };
		08CB3C5C2C3A1093004D0DD6 /* Pantry_CheckApp.swift */ = {isa = PBXFileReference; lastKnownFileType = sourcecode.swift; path = Pantry_CheckApp.swift; sourceTree = "<group>"; };
		08CB3C5E2C3A1093004D0DD6 /* ContentView.swift */ = {isa = PBXFileReference; lastKnownFileType = sourcecode.swift; path = ContentView.swift; sourceTree = "<group>"; };
		08CB3C602C3A1095004D0DD6 /* Assets.xcassets */ = {isa = PBXFileReference; lastKnownFileType = folder.assetcatalog; path = Assets.xcassets; sourceTree = "<group>"; };
		08CB3C632C3A1095004D0DD6 /* Preview Assets.xcassets */ = {isa = PBXFileReference; lastKnownFileType = folder.assetcatalog; path = "Preview Assets.xcassets"; sourceTree = "<group>"; };
		08CB3C6A2C3A10BB004D0DD6 /* Home.swift */ = {isa = PBXFileReference; lastKnownFileType = sourcecode.swift; path = Home.swift; sourceTree = "<group>"; };
		08CB3C6C2C3A1424004D0DD6 /* Models.swift */ = {isa = PBXFileReference; lastKnownFileType = sourcecode.swift; path = Models.swift; sourceTree = "<group>"; };
		08CB3C6E2C3AF44F004D0DD6 /* URLImage.swift */ = {isa = PBXFileReference; fileEncoding = 4; lastKnownFileType = sourcecode.swift; path = URLImage.swift; sourceTree = "<group>"; };
		08CB3C762C3B43CE004D0DD6 /* Scanner.swift */ = {isa = PBXFileReference; lastKnownFileType = sourcecode.swift; path = Scanner.swift; sourceTree = "<group>"; };
		08CB3C782C3B505E004D0DD6 /* DataScanner.swift */ = {isa = PBXFileReference; lastKnownFileType = sourcecode.swift; path = DataScanner.swift; sourceTree = "<group>"; };
		08CB3C7D2C3C5359004D0DD6 /* EditRooms.swift */ = {isa = PBXFileReference; lastKnownFileType = sourcecode.swift; path = EditRooms.swift; sourceTree = "<group>"; };
		08CB3C802C3C7054004D0DD6 /* FoodDetails.swift */ = {isa = PBXFileReference; lastKnownFileType = sourcecode.swift; path = FoodDetails.swift; sourceTree = "<group>"; };
		08CB3C822C3C7D45004D0DD6 /* ImagePicker.swift */ = {isa = PBXFileReference; lastKnownFileType = sourcecode.swift; path = ImagePicker.swift; sourceTree = "<group>"; };
		08CB3C842C404B51004D0DD6 /* Pantry-Check-Info.plist */ = {isa = PBXFileReference; lastKnownFileType = text.plist; path = "Pantry-Check-Info.plist"; sourceTree = SOURCE_ROOT; };
/* End PBXFileReference section */

/* Begin PBXFrameworksBuildPhase section */
		08CB3C562C3A1093004D0DD6 /* Frameworks */ = {
			isa = PBXFrameworksBuildPhase;
			buildActionMask = 2147483647;
			files = (
				08CB3C7C2C3B5428004D0DD6 /* AlertToast in Frameworks */,
				08CB3C752C3B0882004D0DD6 /* CodeScanner in Frameworks */,
				08CB3C722C3AF485004D0DD6 /* CachedAsyncImage in Frameworks */,
			);
			runOnlyForDeploymentPostprocessing = 0;
		};
/* End PBXFrameworksBuildPhase section */

/* Begin PBXGroup section */
		08CB3C502C3A1093004D0DD6 = {
			isa = PBXGroup;
			children = (
				08CB3C5B2C3A1093004D0DD6 /* Pantry Check */,
				08CB3C5A2C3A1093004D0DD6 /* Products */,
			);
			sourceTree = "<group>";
		};
		08CB3C5A2C3A1093004D0DD6 /* Products */ = {
			isa = PBXGroup;
			children = (
				08CB3C592C3A1093004D0DD6 /* Pantry Check.app */,
			);
			name = Products;
			sourceTree = "<group>";
		};
		08CB3C5B2C3A1093004D0DD6 /* Pantry Check */ = {
			isa = PBXGroup;
			children = (
				08CB3C842C404B51004D0DD6 /* Pantry-Check-Info.plist */,
				08CB3C5C2C3A1093004D0DD6 /* Pantry_CheckApp.swift */,
				08CB3C5E2C3A1093004D0DD6 /* ContentView.swift */,
				08CB3C602C3A1095004D0DD6 /* Assets.xcassets */,
				08CB3C622C3A1095004D0DD6 /* Preview Content */,
				08CB3C6A2C3A10BB004D0DD6 /* Home.swift */,
				08CB3C762C3B43CE004D0DD6 /* Scanner.swift */,
				08CB3C7D2C3C5359004D0DD6 /* EditRooms.swift */,
				08CB3C802C3C7054004D0DD6 /* FoodDetails.swift */,
				08CB3C7F2C3C6EAB004D0DD6 /* Model */,
				08CB3C822C3C7D45004D0DD6 /* ImagePicker.swift */,
			);
			path = "Pantry Check";
			sourceTree = "<group>";
		};
		08CB3C622C3A1095004D0DD6 /* Preview Content */ = {
			isa = PBXGroup;
			children = (
				08CB3C632C3A1095004D0DD6 /* Preview Assets.xcassets */,
			);
			path = "Preview Content";
			sourceTree = "<group>";
		};
		08CB3C7F2C3C6EAB004D0DD6 /* Model */ = {
			isa = PBXGroup;
			children = (
				08CB3C6C2C3A1424004D0DD6 /* Models.swift */,
				08CB3C6E2C3AF44F004D0DD6 /* URLImage.swift */,
				08CB3C782C3B505E004D0DD6 /* DataScanner.swift */,
			);
			path = Model;
			sourceTree = "<group>";
		};
/* End PBXGroup section */

/* Begin PBXNativeTarget section */
		08CB3C582C3A1093004D0DD6 /* Pantry Check */ = {
			isa = PBXNativeTarget;
			buildConfigurationList = 08CB3C672C3A1095004D0DD6 /* Build configuration list for PBXNativeTarget "Pantry Check" */;
			buildPhases = (
				08CB3C552C3A1093004D0DD6 /* Sources */,
				08CB3C562C3A1093004D0DD6 /* Frameworks */,
				08CB3C572C3A1093004D0DD6 /* Resources */,
			);
			buildRules = (
			);
			dependencies = (
			);
			name = "Pantry Check";
			packageProductDependencies = (
				08CB3C712C3AF485004D0DD6 /* CachedAsyncImage */,
				08CB3C742C3B0882004D0DD6 /* CodeScanner */,
				08CB3C7B2C3B5428004D0DD6 /* AlertToast */,
			);
			productName = "Pantry Check";
			productReference = 08CB3C592C3A1093004D0DD6 /* Pantry Check.app */;
			productType = "com.apple.product-type.application";
		};
/* End PBXNativeTarget section */

/* Begin PBXProject section */
		08CB3C512C3A1093004D0DD6 /* Project object */ = {
			isa = PBXProject;
			attributes = {
				BuildIndependentTargetsInParallel = 1;
				LastSwiftUpdateCheck = 1540;
				LastUpgradeCheck = 1540;
				TargetAttributes = {
					08CB3C582C3A1093004D0DD6 = {
						CreatedOnToolsVersion = 15.4;
					};
				};
			};
			buildConfigurationList = 08CB3C542C3A1093004D0DD6 /* Build configuration list for PBXProject "Pantry Check" */;
			compatibilityVersion = "Xcode 14.0";
			developmentRegion = en;
			hasScannedForEncodings = 0;
			knownRegions = (
				en,
				Base,
			);
			mainGroup = 08CB3C502C3A1093004D0DD6;
			packageReferences = (
				08CB3C702C3AF485004D0DD6 /* XCRemoteSwiftPackageReference "swiftui-cached-async-image" */,
				08CB3C732C3B0882004D0DD6 /* XCRemoteSwiftPackageReference "CodeScanner" */,
				08CB3C7A2C3B5428004D0DD6 /* XCRemoteSwiftPackageReference "AlertToast" */,
			);
			productRefGroup = 08CB3C5A2C3A1093004D0DD6 /* Products */;
			projectDirPath = "";
			projectRoot = "";
			targets = (
				08CB3C582C3A1093004D0DD6 /* Pantry Check */,
			);
		};
/* End PBXProject section */

/* Begin PBXResourcesBuildPhase section */
		08CB3C572C3A1093004D0DD6 /* Resources */ = {
			isa = PBXResourcesBuildPhase;
			buildActionMask = 2147483647;
			files = (
				08CB3C642C3A1095004D0DD6 /* Preview Assets.xcassets in Resources */,
				08CB3C612C3A1095004D0DD6 /* Assets.xcassets in Resources */,
			);
			runOnlyForDeploymentPostprocessing = 0;
		};
/* End PBXResourcesBuildPhase section */

/* Begin PBXSourcesBuildPhase section */
		08CB3C552C3A1093004D0DD6 /* Sources */ = {
			isa = PBXSourcesBuildPhase;
			buildActionMask = 2147483647;
			files = (
				08CB3C7E2C3C5359004D0DD6 /* EditRooms.swift in Sources */,
				08CB3C5F2C3A1093004D0DD6 /* ContentView.swift in Sources */,
				08CB3C6B2C3A10BB004D0DD6 /* Home.swift in Sources */,
				08CB3C5D2C3A1093004D0DD6 /* Pantry_CheckApp.swift in Sources */,
				08CB3C6F2C3AF44F004D0DD6 /* URLImage.swift in Sources */,
				08CB3C792C3B505E004D0DD6 /* DataScanner.swift in Sources */,
				08CB3C812C3C7054004D0DD6 /* FoodDetails.swift in Sources */,
				08CB3C832C3C7D45004D0DD6 /* ImagePicker.swift in Sources */,
				08CB3C772C3B43CE004D0DD6 /* Scanner.swift in Sources */,
				08CB3C6D2C3A1424004D0DD6 /* Models.swift in Sources */,
			);
			runOnlyForDeploymentPostprocessing = 0;
		};
/* End PBXSourcesBuildPhase section */

/* Begin XCBuildConfiguration section */
		08CB3C652C3A1095004D0DD6 /* Debug */ = {
			isa = XCBuildConfiguration;
			buildSettings = {
				ALWAYS_SEARCH_USER_PATHS = NO;
				ASSETCATALOG_COMPILER_GENERATE_SWIFT_ASSET_SYMBOL_EXTENSIONS = YES;
				CLANG_ANALYZER_NONNULL = YES;
				CLANG_ANALYZER_NUMBER_OBJECT_CONVERSION = YES_AGGRESSIVE;
				CLANG_CXX_LANGUAGE_STANDARD = "gnu++20";
				CLANG_ENABLE_MODULES = YES;
				CLANG_ENABLE_OBJC_ARC = YES;
				CLANG_ENABLE_OBJC_WEAK = YES;
				CLANG_WARN_BLOCK_CAPTURE_AUTORELEASING = YES;
				CLANG_WARN_BOOL_CONVERSION = YES;
				CLANG_WARN_COMMA = YES;
				CLANG_WARN_CONSTANT_CONVERSION = YES;
				CLANG_WARN_DEPRECATED_OBJC_IMPLEMENTATIONS = YES;
				CLANG_WARN_DIRECT_OBJC_ISA_USAGE = YES_ERROR;
				CLANG_WARN_DOCUMENTATION_COMMENTS = YES;
				CLANG_WARN_EMPTY_BODY = YES;
				CLANG_WARN_ENUM_CONVERSION = YES;
				CLANG_WARN_INFINITE_RECURSION = YES;
				CLANG_WARN_INT_CONVERSION = YES;
				CLANG_WARN_NON_LITERAL_NULL_CONVERSION = YES;
				CLANG_WARN_OBJC_IMPLICIT_RETAIN_SELF = YES;
				CLANG_WARN_OBJC_LITERAL_CONVERSION = YES;
				CLANG_WARN_OBJC_ROOT_CLASS = YES_ERROR;
				CLANG_WARN_QUOTED_INCLUDE_IN_FRAMEWORK_HEADER = YES;
				CLANG_WARN_RANGE_LOOP_ANALYSIS = YES;
				CLANG_WARN_STRICT_PROTOTYPES = YES;
				CLANG_WARN_SUSPICIOUS_MOVE = YES;
				CLANG_WARN_UNGUARDED_AVAILABILITY = YES_AGGRESSIVE;
				CLANG_WARN_UNREACHABLE_CODE = YES;
				CLANG_WARN__DUPLICATE_METHOD_MATCH = YES;
				COPY_PHASE_STRIP = NO;
				DEBUG_INFORMATION_FORMAT = dwarf;
				ENABLE_STRICT_OBJC_MSGSEND = YES;
				ENABLE_TESTABILITY = YES;
				ENABLE_USER_SCRIPT_SANDBOXING = YES;
				GCC_C_LANGUAGE_STANDARD = gnu17;
				GCC_DYNAMIC_NO_PIC = NO;
				GCC_NO_COMMON_BLOCKS = YES;
				GCC_OPTIMIZATION_LEVEL = 0;
				GCC_PREPROCESSOR_DEFINITIONS = (
					"DEBUG=1",
					"$(inherited)",
				);
				GCC_WARN_64_TO_32_BIT_CONVERSION = YES;
				GCC_WARN_ABOUT_RETURN_TYPE = YES_ERROR;
				GCC_WARN_UNDECLARED_SELECTOR = YES;
				GCC_WARN_UNINITIALIZED_AUTOS = YES_AGGRESSIVE;
				GCC_WARN_UNUSED_FUNCTION = YES;
				GCC_WARN_UNUSED_VARIABLE = YES;
				IPHONEOS_DEPLOYMENT_TARGET = 17.5;
				LOCALIZATION_PREFERS_STRING_CATALOGS = YES;
				MTL_ENABLE_DEBUG_INFO = INCLUDE_SOURCE;
				MTL_FAST_MATH = YES;
				ONLY_ACTIVE_ARCH = YES;
				SDKROOT = iphoneos;
				SWIFT_ACTIVE_COMPILATION_CONDITIONS = "DEBUG $(inherited)";
				SWIFT_OPTIMIZATION_LEVEL = "-Onone";
			};
			name = Debug;
		};
		08CB3C662C3A1095004D0DD6 /* Release */ = {
			isa = XCBuildConfiguration;
			buildSettings = {
				ALWAYS_SEARCH_USER_PATHS = NO;
				ASSETCATALOG_COMPILER_GENERATE_SWIFT_ASSET_SYMBOL_EXTENSIONS = YES;
				CLANG_ANALYZER_NONNULL = YES;
				CLANG_ANALYZER_NUMBER_OBJECT_CONVERSION = YES_AGGRESSIVE;
				CLANG_CXX_LANGUAGE_STANDARD = "gnu++20";
				CLANG_ENABLE_MODULES = YES;
				CLANG_ENABLE_OBJC_ARC = YES;
				CLANG_ENABLE_OBJC_WEAK = YES;
				CLANG_WARN_BLOCK_CAPTURE_AUTORELEASING = YES;
				CLANG_WARN_BOOL_CONVERSION = YES;
				CLANG_WARN_COMMA = YES;
				CLANG_WARN_CONSTANT_CONVERSION = YES;
				CLANG_WARN_DEPRECATED_OBJC_IMPLEMENTATIONS = YES;
				CLANG_WARN_DIRECT_OBJC_ISA_USAGE = YES_ERROR;
				CLANG_WARN_DOCUMENTATION_COMMENTS = YES;
				CLANG_WARN_EMPTY_BODY = YES;
				CLANG_WARN_ENUM_CONVERSION = YES;
				CLANG_WARN_INFINITE_RECURSION = YES;
				CLANG_WARN_INT_CONVERSION = YES;
				CLANG_WARN_NON_LITERAL_NULL_CONVERSION = YES;
				CLANG_WARN_OBJC_IMPLICIT_RETAIN_SELF = YES;
				CLANG_WARN_OBJC_LITERAL_CONVERSION = YES;
				CLANG_WARN_OBJC_ROOT_CLASS = YES_ERROR;
				CLANG_WARN_QUOTED_INCLUDE_IN_FRAMEWORK_HEADER = YES;
				CLANG_WARN_RANGE_LOOP_ANALYSIS = YES;
				CLANG_WARN_STRICT_PROTOTYPES = YES;
				CLANG_WARN_SUSPICIOUS_MOVE = YES;
				CLANG_WARN_UNGUARDED_AVAILABILITY = YES_AGGRESSIVE;
				CLANG_WARN_UNREACHABLE_CODE = YES;
				CLANG_WARN__DUPLICATE_METHOD_MATCH = YES;
				COPY_PHASE_STRIP = NO;
				DEBUG_INFORMATION_FORMAT = "dwarf-with-dsym";
				ENABLE_NS_ASSERTIONS = NO;
				ENABLE_STRICT_OBJC_MSGSEND = YES;
				ENABLE_USER_SCRIPT_SANDBOXING = YES;
				GCC_C_LANGUAGE_STANDARD = gnu17;
				GCC_NO_COMMON_BLOCKS = YES;
				GCC_WARN_64_TO_32_BIT_CONVERSION = YES;
				GCC_WARN_ABOUT_RETURN_TYPE = YES_ERROR;
				GCC_WARN_UNDECLARED_SELECTOR = YES;
				GCC_WARN_UNINITIALIZED_AUTOS = YES_AGGRESSIVE;
				GCC_WARN_UNUSED_FUNCTION = YES;
				GCC_WARN_UNUSED_VARIABLE = YES;
				IPHONEOS_DEPLOYMENT_TARGET = 17.5;
				LOCALIZATION_PREFERS_STRING_CATALOGS = YES;
				MTL_ENABLE_DEBUG_INFO = NO;
				MTL_FAST_MATH = YES;
				SDKROOT = iphoneos;
				SWIFT_COMPILATION_MODE = wholemodule;
				VALIDATE_PRODUCT = YES;
			};
			name = Release;
		};
		08CB3C682C3A1095004D0DD6 /* Debug */ = {
			isa = XCBuildConfiguration;
			buildSettings = {
				ASSETCATALOG_COMPILER_APPICON_NAME = AppIcon;
				ASSETCATALOG_COMPILER_GLOBAL_ACCENT_COLOR_NAME = AccentColor;
				CODE_SIGN_STYLE = Automatic;
				CURRENT_PROJECT_VERSION = 1;
				DEVELOPMENT_ASSET_PATHS = "\"Pantry Check/Preview Content\"";
				DEVELOPMENT_TEAM = ZGVKCP72NR;
				ENABLE_PREVIEWS = YES;
				GENERATE_INFOPLIST_FILE = YES;
				INFOPLIST_FILE = "Pantry-Check-Info.plist";
				INFOPLIST_KEY_CFBundleDisplayName = "Food Inventory";
				INFOPLIST_KEY_NSCameraUsageDescription = "Pantry Check needs access to the camera";
				INFOPLIST_KEY_UIApplicationSceneManifest_Generation = YES;
				INFOPLIST_KEY_UIApplicationSupportsIndirectInputEvents = YES;
				INFOPLIST_KEY_UILaunchScreen_Generation = YES;
				INFOPLIST_KEY_UISupportedInterfaceOrientations = UIInterfaceOrientationPortrait;
				INFOPLIST_KEY_UISupportedInterfaceOrientations_iPad = "UIInterfaceOrientationLandscapeLeft UIInterfaceOrientationLandscapeRight UIInterfaceOrientationPortrait UIInterfaceOrientationPortraitUpsideDown";
				INFOPLIST_KEY_UIUserInterfaceStyle = Light;
				LD_RUNPATH_SEARCH_PATHS = (
					"$(inherited)",
					"@executable_path/Frameworks",
				);
				MARKETING_VERSION = 1.2;
				PRODUCT_BUNDLE_IDENTIFIER = "armaanahmed.Pantry-Check";
				PRODUCT_NAME = "$(TARGET_NAME)";
				SWIFT_EMIT_LOC_STRINGS = YES;
				SWIFT_VERSION = 5.0;
				TARGETED_DEVICE_FAMILY = "1,2";
			};
			name = Debug;
		};
		08CB3C692C3A1095004D0DD6 /* Release */ = {
			isa = XCBuildConfiguration;
			buildSettings = {
				ASSETCATALOG_COMPILER_APPICON_NAME = AppIcon;
				ASSETCATALOG_COMPILER_GLOBAL_ACCENT_COLOR_NAME = AccentColor;
				CODE_SIGN_STYLE = Automatic;
				CURRENT_PROJECT_VERSION = 1;
				DEVELOPMENT_ASSET_PATHS = "\"Pantry Check/Preview Content\"";
				DEVELOPMENT_TEAM = ZGVKCP72NR;
				ENABLE_PREVIEWS = YES;
				GENERATE_INFOPLIST_FILE = YES;
				INFOPLIST_FILE = "Pantry-Check-Info.plist";
				INFOPLIST_KEY_CFBundleDisplayName = "Food Inventory";
				INFOPLIST_KEY_NSCameraUsageDescription = "Pantry Check needs access to the camera";
				INFOPLIST_KEY_UIApplicationSceneManifest_Generation = YES;
				INFOPLIST_KEY_UIApplicationSupportsIndirectInputEvents = YES;
				INFOPLIST_KEY_UILaunchScreen_Generation = YES;
				INFOPLIST_KEY_UISupportedInterfaceOrientations = UIInterfaceOrientationPortrait;
				INFOPLIST_KEY_UISupportedInterfaceOrientations_iPad = "UIInterfaceOrientationLandscapeLeft UIInterfaceOrientationLandscapeRight UIInterfaceOrientationPortrait UIInterfaceOrientationPortraitUpsideDown";
				INFOPLIST_KEY_UIUserInterfaceStyle = Light;
				LD_RUNPATH_SEARCH_PATHS = (
					"$(inherited)",
					"@executable_path/Frameworks",
				);
				MARKETING_VERSION = 1.2;
				PRODUCT_BUNDLE_IDENTIFIER = "armaanahmed.Pantry-Check";
				PRODUCT_NAME = "$(TARGET_NAME)";
				SWIFT_EMIT_LOC_STRINGS = YES;
				SWIFT_VERSION = 5.0;
				TARGETED_DEVICE_FAMILY = "1,2";
			};
			name = Release;
		};
/* End XCBuildConfiguration section */

/* Begin XCConfigurationList section */
		08CB3C542C3A1093004D0DD6 /* Build configuration list for PBXProject "Pantry Check" */ = {
			isa = XCConfigurationList;
			buildConfigurations = (
				08CB3C652C3A1095004D0DD6 /* Debug */,
				08CB3C662C3A1095004D0DD6 /* Release */,
			);
			defaultConfigurationIsVisible = 0;
			defaultConfigurationName = Release;
		};
		08CB3C672C3A1095004D0DD6 /* Build configuration list for PBXNativeTarget "Pantry Check" */ = {
			isa = XCConfigurationList;
			buildConfigurations = (
				08CB3C682C3A1095004D0DD6 /* Debug */,
				08CB3C692C3A1095004D0DD6 /* Release */,
			);
			defaultConfigurationIsVisible = 0;
			defaultConfigurationName = Release;
		};
/* End XCConfigurationList section */

/* Begin XCRemoteSwiftPackageReference section */
		08CB3C702C3AF485004D0DD6 /* XCRemoteSwiftPackageReference "swiftui-cached-async-image" */ = {
			isa = XCRemoteSwiftPackageReference;
			repositoryURL = "https://github.com/lorenzofiamingo/swiftui-cached-async-image.git";
			requirement = {
				kind = upToNextMajorVersion;
				minimumVersion = 2.1.1;
			};
		};
		08CB3C732C3B0882004D0DD6 /* XCRemoteSwiftPackageReference "CodeScanner" */ = {
			isa = XCRemoteSwiftPackageReference;
			repositoryURL = "https://github.com/twostraws/CodeScanner.git";
			requirement = {
				kind = upToNextMajorVersion;
				minimumVersion = 2.5.0;
			};
		};
		08CB3C7A2C3B5428004D0DD6 /* XCRemoteSwiftPackageReference "AlertToast" */ = {
			isa = XCRemoteSwiftPackageReference;
			repositoryURL = "https://github.com/elai950/AlertToast.git";
			requirement = {
				kind = upToNextMajorVersion;
				minimumVersion = 1.3.9;
			};
		};
/* End XCRemoteSwiftPackageReference section */

/* Begin XCSwiftPackageProductDependency section */
		08CB3C712C3AF485004D0DD6 /* CachedAsyncImage */ = {
			isa = XCSwiftPackageProductDependency;
			package = 08CB3C702C3AF485004D0DD6 /* XCRemoteSwiftPackageReference "swiftui-cached-async-image" */;
			productName = CachedAsyncImage;
		};
		08CB3C742C3B0882004D0DD6 /* CodeScanner */ = {
			isa = XCSwiftPackageProductDependency;
			package = 08CB3C732C3B0882004D0DD6 /* XCRemoteSwiftPackageReference "CodeScanner" */;
			productName = CodeScanner;
		};
		08CB3C7B2C3B5428004D0DD6 /* AlertToast */ = {
			isa = XCSwiftPackageProductDependency;
			package = 08CB3C7A2C3B5428004D0DD6 /* XCRemoteSwiftPackageReference "AlertToast" */;
			productName = AlertToast;
		};
/* End XCSwiftPackageProductDependency section */
	};
	rootObject = 08CB3C512C3A1093004D0DD6 /* Project object */;
}
